
Microsoft Visual Studio Solution File, Format Version 12.00
# Visual Studio Version 17
VisualStudioVersion = 17.14.36127.28 d17.14
MinimumVisualStudioVersion = 10.0.40219.1
Project("{FAE04EC0-301F-11D3-BF4B-00C04F79EFBC}") = "SerialReceive", "SerialReceive\SerialReceive.csproj", "{3764A3A6-79C1-4783-A050-CA46387A3F8D}"
EndProject
Global
	GlobalSection(SolutionConfigurationPlatforms) = preSolution
		Debug|Any CPU = Debug|Any CPU
		Release|Any CPU = Release|Any CPU
	EndGlobalSection
	GlobalSection(ProjectConfigurationPlatforms) = postSolution
		{3764A3A6-79C1-4783-A050-CA46387A3F8D}.Debug|Any CPU.ActiveCfg = Debug|Any CPU
		{3764A3A6-79C1-4783-A050-CA46387A3F8D}.Debug|Any CPU.Build.0 = Debug|Any CPU
		{3764A3A6-79C1-4783-A050-CA46387A3F8D}.Release|Any CPU.ActiveCfg = Release|Any CPU
		{3764A3A6-79C1-4783-A050-CA46387A3F8D}.Release|Any CPU.Build.0 = Release|Any CPU
	EndGlobalSection
	GlobalSection(SolutionProperties) = preSolution
		HideSolutionNode = FALSE
	EndGlobalSection
	GlobalSection(ExtensibilityGlobals) = postSolution
		SolutionGuid = {96A4E467-0E9F-4566-98D6-9E03689046C5}
	EndGlobalSection
EndGlobal
